// !$*UTF8*$!
{
	archiveVersion = 1;
	classes = {
	};
	objectVersion = 46;
	objects = {

/* Begin PBXBuildFile section */
		1D1D80321E4617D800D718E2 /* main.m in Sources */ = {isa = PBXBuildFile; fileRef = 1D1D80311E4617D800D718E2 /* main.m */; };
		1D1D80351E4617D800D718E2 /* AppDelegate.m in Sources */ = {isa = PBXBuildFile; fileRef = 1D1D80341E4617D800D718E2 /* AppDelegate.m */; };
		1D1D80381E4617D800D718E2 /* ViewController.m in Sources */ = {isa = PBXBuildFile; fileRef = 1D1D80371E4617D800D718E2 /* ViewController.m */; };
		1D1D803B1E4617D800D718E2 /* Main.storyboard in Resources */ = {isa = PBXBuildFile; fileRef = 1D1D80391E4617D800D718E2 /* Main.storyboard */; };
		1D1D803E1E4617D800D718E2 /* Get_FontFamilyName.xcdatamodeld in Sources */ = {isa = PBXBuildFile; fileRef = 1D1D803C1E4617D800D718E2 /* Get_FontFamilyName.xcdatamodeld */; };
		1D1D80401E4617D800D718E2 /* Assets.xcassets in Resources */ = {isa = PBXBuildFile; fileRef = 1D1D803F1E4617D800D718E2 /* Assets.xcassets */; };
		1D1D80431E4617D800D718E2 /* LaunchScreen.storyboard in Resources */ = {isa = PBXBuildFile; fileRef = 1D1D80411E4617D800D718E2 /* LaunchScreen.storyboard */; };
		1D1D80631E46185100D718E2 /* SF-UI-Display-Black.ttf in Resources */ = {isa = PBXBuildFile; fileRef = 1D1D804C1E46185100D718E2 /* SF-UI-Display-Black.ttf */; };
		1D1D80641E46185100D718E2 /* SF-UI-Display-Bold.ttf in Resources */ = {isa = PBXBuildFile; fileRef = 1D1D804D1E46185100D718E2 /* SF-UI-Display-Bold.ttf */; };
		1D1D80651E46185100D718E2 /* SF-UI-Display-Heavy.ttf in Resources */ = {isa = PBXBuildFile; fileRef = 1D1D804E1E46185100D718E2 /* SF-UI-Display-Heavy.ttf */; };
		1D1D80661E46185100D718E2 /* SF-UI-Display-Light.ttf in Resources */ = {isa = PBXBuildFile; fileRef = 1D1D804F1E46185100D718E2 /* SF-UI-Display-Light.ttf */; };
		1D1D80671E46185100D718E2 /* SF-UI-Display-Medium.ttf in Resources */ = {isa = PBXBuildFile; fileRef = 1D1D80501E46185100D718E2 /* SF-UI-Display-Medium.ttf */; };
		1D1D80681E46185100D718E2 /* SF-UI-Display-Regular.ttf in Resources */ = {isa = PBXBuildFile; fileRef = 1D1D80511E46185100D718E2 /* SF-UI-Display-Regular.ttf */; };
		1D1D80691E46185100D718E2 /* SF-UI-Display-Semibold.ttf in Resources */ = {isa = PBXBuildFile; fileRef = 1D1D80521E46185100D718E2 /* SF-UI-Display-Semibold.ttf */; };
		1D1D806A1E46185100D718E2 /* SF-UI-Display-Thin.ttf in Resources */ = {isa = PBXBuildFile; fileRef = 1D1D80531E46185100D718E2 /* SF-UI-Display-Thin.ttf */; };
		1D1D806B1E46185100D718E2 /* SF-UI-Display-Ultralight.ttf in Resources */ = {isa = PBXBuildFile; fileRef = 1D1D80541E46185100D718E2 /* SF-UI-Display-Ultralight.ttf */; };
		1D1D806C1E46185100D718E2 /* SF-UI-Text-Bold.ttf in Resources */ = {isa = PBXBuildFile; fileRef = 1D1D80551E46185100D718E2 /* SF-UI-Text-Bold.ttf */; };
		1D1D806D1E46185100D718E2 /* SF-UI-Text-BoldItalic.ttf in Resources */ = {isa = PBXBuildFile; fileRef = 1D1D80561E46185100D718E2 /* SF-UI-Text-BoldItalic.ttf */; };
		1D1D806E1E46185100D718E2 /* SF-UI-Text-Heavy.ttf in Resources */ = {isa = PBXBuildFile; fileRef = 1D1D80571E46185100D718E2 /* SF-UI-Text-Heavy.ttf */; };
		1D1D806F1E46185100D718E2 /* SF-UI-Text-HeavyItalic.ttf in Resources */ = {isa = PBXBuildFile; fileRef = 1D1D80581E46185100D718E2 /* SF-UI-Text-HeavyItalic.ttf */; };
		1D1D80701E46185100D718E2 /* SF-UI-Text-Light.ttf in Resources */ = {isa = PBXBuildFile; fileRef = 1D1D80591E46185100D718E2 /* SF-UI-Text-Light.ttf */; };
		1D1D80711E46185100D718E2 /* SF-UI-Text-LightItalic.ttf in Resources */ = {isa = PBXBuildFile; fileRef = 1D1D805A1E46185100D718E2 /* SF-UI-Text-LightItalic.ttf */; };
		1D1D80721E46185100D718E2 /* SF-UI-Text-Medium.ttf in Resources */ = {isa = PBXBuildFile; fileRef = 1D1D805B1E46185100D718E2 /* SF-UI-Text-Medium.ttf */; };
		1D1D80731E46185100D718E2 /* SF-UI-Text-MediumItalic.ttf in Resources */ = {isa = PBXBuildFile; fileRef = 1D1D805C1E46185100D718E2 /* SF-UI-Text-MediumItalic.ttf */; };
		1D1D80741E46185100D718E2 /* SF-UI-Text-Regular.ttf in Resources */ = {isa = PBXBuildFile; fileRef = 1D1D805D1E46185100D718E2 /* SF-UI-Text-Regular.ttf */; };
		1D1D80751E46185100D718E2 /* SF-UI-Text-RegularItalic.ttf in Resources */ = {isa = PBXBuildFile; fileRef = 1D1D805E1E46185100D718E2 /* SF-UI-Text-RegularItalic.ttf */; };
		1D1D80761E46185100D718E2 /* SF-UI-Text-Semibold.otf in Resources */ = {isa = PBXBuildFile; fileRef = 1D1D805F1E46185100D718E2 /* SF-UI-Text-Semibold.otf */; };
		1D1D80771E46185100D718E2 /* SF-UI-Text-SemiboldItalic.ttf in Resources */ = {isa = PBXBuildFile; fileRef = 1D1D80601E46185100D718E2 /* SF-UI-Text-SemiboldItalic.ttf */; };
		1D1D80781E46185100D718E2 /* star_blank.png in Resources */ = {isa = PBXBuildFile; fileRef = 1D1D80611E46185100D718E2 /* star_blank.png */; };
		1D1D80791E46185100D718E2 /* star_fill.png in Resources */ = {isa = PBXBuildFile; fileRef = 1D1D80621E46185100D718E2 /* star_fill.png */; };
/* End PBXBuildFile section */

/* Begin PBXFileReference section */
		1D1D802D1E4617D800D718E2 /* Get FontFamilyName.app */ = {isa = PBXFileReference; explicitFileType = wrapper.application; includeInIndex = 0; path = "Get FontFamilyName.app"; sourceTree = BUILT_PRODUCTS_DIR; };
		1D1D80311E4617D800D718E2 /* main.m */ = {isa = PBXFileReference; lastKnownFileType = sourcecode.c.objc; path = main.m; sourceTree = "<group>"; };
		1D1D80331E4617D800D718E2 /* AppDelegate.h */ = {isa = PBXFileReference; lastKnownFileType = sourcecode.c.h; path = AppDelegate.h; sourceTree = "<group>"; };
		1D1D80341E4617D800D718E2 /* AppDelegate.m */ = {isa = PBXFileReference; lastKnownFileType = sourcecode.c.objc; path = AppDelegate.m; sourceTree = "<group>"; };
		1D1D80361E4617D800D718E2 /* ViewController.h */ = {isa = PBXFileReference; lastKnownFileType = sourcecode.c.h; path = ViewController.h; sourceTree = "<group>"; };
		1D1D80371E4617D800D718E2 /* ViewController.m */ = {isa = PBXFileReference; lastKnownFileType = sourcecode.c.objc; path = ViewController.m; sourceTree = "<group>"; };
		1D1D803A1E4617D800D718E2 /* Base */ = {isa = PBXFileReference; lastKnownFileType = file.storyboard; name = Base; path = Base.lproj/Main.storyboard; sourceTree = "<group>"; };
		1D1D803D1E4617D800D718E2 /* Get_FontFamilyName.xcdatamodel */ = {isa = PBXFileReference; lastKnownFileType = wrapper.xcdatamodel; path = Get_FontFamilyName.xcdatamodel; sourceTree = "<group>"; };
		1D1D803F1E4617D800D718E2 /* Assets.xcassets */ = {isa = PBXFileReference; lastKnownFileType = folder.assetcatalog; path = Assets.xcassets; sourceTree = "<group>"; };
		1D1D80421E4617D800D718E2 /* Base */ = {isa = PBXFileReference; lastKnownFileType = file.storyboard; name = Base; path = Base.lproj/LaunchScreen.storyboard; sourceTree = "<group>"; };
		1D1D80441E4617D800D718E2 /* Info.plist */ = {isa = PBXFileReference; lastKnownFileType = text.plist.xml; path = Info.plist; sourceTree = "<group>"; };
		1D1D804C1E46185100D718E2 /* SF-UI-Display-Black.ttf */ = {isa = PBXFileReference; lastKnownFileType = file; path = "SF-UI-Display-Black.ttf"; sourceTree = "<group>"; };
		1D1D804D1E46185100D718E2 /* SF-UI-Display-Bold.ttf */ = {isa = PBXFileReference; lastKnownFileType = file; path = "SF-UI-Display-Bold.ttf"; sourceTree = "<group>"; };
		1D1D804E1E46185100D718E2 /* SF-UI-Display-Heavy.ttf */ = {isa = PBXFileReference; lastKnownFileType = file; path = "SF-UI-Display-Heavy.ttf"; sourceTree = "<group>"; };
		1D1D804F1E46185100D718E2 /* SF-UI-Display-Light.ttf */ = {isa = PBXFileReference; lastKnownFileType = file; path = "SF-UI-Display-Light.ttf"; sourceTree = "<group>"; };
		1D1D80501E46185100D718E2 /* SF-UI-Display-Medium.ttf */ = {isa = PBXFileReference; lastKnownFileType = file; path = "SF-UI-Display-Medium.ttf"; sourceTree = "<group>"; };
		1D1D80511E46185100D718E2 /* SF-UI-Display-Regular.ttf */ = {isa = PBXFileReference; lastKnownFileType = file; path = "SF-UI-Display-Regular.ttf"; sourceTree = "<group>"; };
		1D1D80521E46185100D718E2 /* SF-UI-Display-Semibold.ttf */ = {isa = PBXFileReference; lastKnownFileType = file; path = "SF-UI-Display-Semibold.ttf"; sourceTree = "<group>"; };
		1D1D80531E46185100D718E2 /* SF-UI-Display-Thin.ttf */ = {isa = PBXFileReference; lastKnownFileType = file; path = "SF-UI-Display-Thin.ttf"; sourceTree = "<group>"; };
		1D1D80541E46185100D718E2 /* SF-UI-Display-Ultralight.ttf */ = {isa = PBXFileReference; lastKnownFileType = file; path = "SF-UI-Display-Ultralight.ttf"; sourceTree = "<group>"; };
		1D1D80551E46185100D718E2 /* SF-UI-Text-Bold.ttf */ = {isa = PBXFileReference; lastKnownFileType = file; path = "SF-UI-Text-Bold.ttf"; sourceTree = "<group>"; };
		1D1D80561E46185100D718E2 /* SF-UI-Text-BoldItalic.ttf */ = {isa = PBXFileReference; lastKnownFileType = file; path = "SF-UI-Text-BoldItalic.ttf"; sourceTree = "<group>"; };
		1D1D80571E46185100D718E2 /* SF-UI-Text-Heavy.ttf */ = {isa = PBXFileReference; lastKnownFileType = file; path = "SF-UI-Text-Heavy.ttf"; sourceTree = "<group>"; };
		1D1D80581E46185100D718E2 /* SF-UI-Text-HeavyItalic.ttf */ = {isa = PBXFileReference; lastKnownFileType = file; path = "SF-UI-Text-HeavyItalic.ttf"; sourceTree = "<group>"; };
		1D1D80591E46185100D718E2 /* SF-UI-Text-Light.ttf */ = {isa = PBXFileReference; lastKnownFileType = file; path = "SF-UI-Text-Light.ttf"; sourceTree = "<group>"; };
		1D1D805A1E46185100D718E2 /* SF-UI-Text-LightItalic.ttf */ = {isa = PBXFileReference; lastKnownFileType = file; path = "SF-UI-Text-LightItalic.ttf"; sourceTree = "<group>"; };
		1D1D805B1E46185100D718E2 /* SF-UI-Text-Medium.ttf */ = {isa = PBXFileReference; lastKnownFileType = file; path = "SF-UI-Text-Medium.ttf"; sourceTree = "<group>"; };
		1D1D805C1E46185100D718E2 /* SF-UI-Text-MediumItalic.ttf */ = {isa = PBXFileReference; lastKnownFileType = file; path = "SF-UI-Text-MediumItalic.ttf"; sourceTree = "<group>"; };
		1D1D805D1E46185100D718E2 /* SF-UI-Text-Regular.ttf */ = {isa = PBXFileReference; lastKnownFileType = file; path = "SF-UI-Text-Regular.ttf"; sourceTree = "<group>"; };
		1D1D805E1E46185100D718E2 /* SF-UI-Text-RegularItalic.ttf */ = {isa = PBXFileReference; lastKnownFileType = file; path = "SF-UI-Text-RegularItalic.ttf"; sourceTree = "<group>"; };
		1D1D805F1E46185100D718E2 /* SF-UI-Text-Semibold.otf */ = {isa = PBXFileReference; lastKnownFileType = file; path = "SF-UI-Text-Semibold.otf"; sourceTree = "<group>"; };
		1D1D80601E46185100D718E2 /* SF-UI-Text-SemiboldItalic.ttf */ = {isa = PBXFileReference; lastKnownFileType = file; path = "SF-UI-Text-SemiboldItalic.ttf"; sourceTree = "<group>"; };
		1D1D80611E46185100D718E2 /* star_blank.png */ = {isa = PBXFileReference; lastKnownFileType = image.png; path = star_blank.png; sourceTree = "<group>"; };
		1D1D80621E46185100D718E2 /* star_fill.png */ = {isa = PBXFileReference; lastKnownFileType = image.png; path = star_fill.png; sourceTree = "<group>"; };
/* End PBXFileReference section */

/* Begin PBXFrameworksBuildPhase section */
		1D1D802A1E4617D800D718E2 /* Frameworks */ = {
			isa = PBXFrameworksBuildPhase;
			buildActionMask = 2147483647;
			files = (
			);
			runOnlyForDeploymentPostprocessing = 0;
		};
/* End PBXFrameworksBuildPhase section */

/* Begin PBXGroup section */
		1D1D80241E4617D800D718E2 = {
			isa = PBXGroup;
			children = (
				1D1D802F1E4617D800D718E2 /* Get FontFamilyName */,
				1D1D802E1E4617D800D718E2 /* Products */,
			);
			sourceTree = "<group>";
		};
		1D1D802E1E4617D800D718E2 /* Products */ = {
			isa = PBXGroup;
			children = (
				1D1D802D1E4617D800D718E2 /* Get FontFamilyName.app */,
			);
			name = Products;
			sourceTree = "<group>";
		};
		1D1D802F1E4617D800D718E2 /* Get FontFamilyName */ = {
			isa = PBXGroup;
			children = (
				1D1D80331E4617D800D718E2 /* AppDelegate.h */,
				1D1D80341E4617D800D718E2 /* AppDelegate.m */,
				1D1D80361E4617D800D718E2 /* ViewController.h */,
				1D1D80371E4617D800D718E2 /* ViewController.m */,
				1D1D80391E4617D800D718E2 /* Main.storyboard */,
				1D1D803F1E4617D800D718E2 /* Assets.xcassets */,
				1D1D80411E4617D800D718E2 /* LaunchScreen.storyboard */,
				1D1D80441E4617D800D718E2 /* Info.plist */,
				1D1D803C1E4617D800D718E2 /* Get_FontFamilyName.xcdatamodeld */,
				1D1D80301E4617D800D718E2 /* Supporting Files */,
			);
			path = "Get FontFamilyName";
			sourceTree = "<group>";
		};
		1D1D80301E4617D800D718E2 /* Supporting Files */ = {
			isa = PBXGroup;
			children = (
				1D1D80311E4617D800D718E2 /* main.m */,
				1D1D804A1E46185100D718E2 /* font */,
			);
			name = "Supporting Files";
			sourceTree = "<group>";
		};
		1D1D804A1E46185100D718E2 /* font */ = {
			isa = PBXGroup;
			children = (
				1D1D804B1E46185100D718E2 /* SF-UI */,
			);
			path = font;
			sourceTree = "<group>";
		};
		1D1D804B1E46185100D718E2 /* SF-UI */ = {
			isa = PBXGroup;
			children = (
				1D1D804C1E46185100D718E2 /* SF-UI-Display-Black.ttf */,
				1D1D804D1E46185100D718E2 /* SF-UI-Display-Bold.ttf */,
				1D1D804E1E46185100D718E2 /* SF-UI-Display-Heavy.ttf */,
				1D1D804F1E46185100D718E2 /* SF-UI-Display-Light.ttf */,
				1D1D80501E46185100D718E2 /* SF-UI-Display-Medium.ttf */,
				1D1D80511E46185100D718E2 /* SF-UI-Display-Regular.ttf */,
				1D1D80521E46185100D718E2 /* SF-UI-Display-Semibold.ttf */,
				1D1D80531E46185100D718E2 /* SF-UI-Display-Thin.ttf */,
				1D1D80541E46185100D718E2 /* SF-UI-Display-Ultralight.ttf */,
				1D1D80551E46185100D718E2 /* SF-UI-Text-Bold.ttf */,
				1D1D80561E46185100D718E2 /* SF-UI-Text-BoldItalic.ttf */,
				1D1D80571E46185100D718E2 /* SF-UI-Text-Heavy.ttf */,
				1D1D80581E46185100D718E2 /* SF-UI-Text-HeavyItalic.ttf */,
				1D1D80591E46185100D718E2 /* SF-UI-Text-Light.ttf */,
				1D1D805A1E46185100D718E2 /* SF-UI-Text-LightItalic.ttf */,
				1D1D805B1E46185100D718E2 /* SF-UI-Text-Medium.ttf */,
				1D1D805C1E46185100D718E2 /* SF-UI-Text-MediumItalic.ttf */,
				1D1D805D1E46185100D718E2 /* SF-UI-Text-Regular.ttf */,
				1D1D805E1E46185100D718E2 /* SF-UI-Text-RegularItalic.ttf */,
				1D1D805F1E46185100D718E2 /* SF-UI-Text-Semibold.otf */,
				1D1D80601E46185100D718E2 /* SF-UI-Text-SemiboldItalic.ttf */,
				1D1D80611E46185100D718E2 /* star_blank.png */,
				1D1D80621E46185100D718E2 /* star_fill.png */,
			);
			path = "SF-UI";
			sourceTree = "<group>";
		};
/* End PBXGroup section */

/* Begin PBXNativeTarget section */
		1D1D802C1E4617D800D718E2 /* Get FontFamilyName */ = {
			isa = PBXNativeTarget;
			buildConfigurationList = 1D1D80471E4617D800D718E2 /* Build configuration list for PBXNativeTarget "Get FontFamilyName" */;
			buildPhases = (
				1D1D80291E4617D800D718E2 /* Sources */,
				1D1D802A1E4617D800D718E2 /* Frameworks */,
				1D1D802B1E4617D800D718E2 /* Resources */,
			);
			buildRules = (
			);
			dependencies = (
			);
			name = "Get FontFamilyName";
			productName = "Get FontFamilyName";
			productReference = 1D1D802D1E4617D800D718E2 /* Get FontFamilyName.app */;
			productType = "com.apple.product-type.application";
		};
/* End PBXNativeTarget section */

/* Begin PBXProject section */
		1D1D80251E4617D800D718E2 /* Project object */ = {
			isa = PBXProject;
			attributes = {
				LastUpgradeCheck = 0810;
				ORGANIZATIONNAME = "Ferrakkem Bhuiyan";
				TargetAttributes = {
					1D1D802C1E4617D800D718E2 = {
						CreatedOnToolsVersion = 8.1;
						ProvisioningStyle = Automatic;
					};
				};
			};
			buildConfigurationList = 1D1D80281E4617D800D718E2 /* Build configuration list for PBXProject "Get FontFamilyName" */;
			compatibilityVersion = "Xcode 3.2";
			developmentRegion = English;
			hasScannedForEncodings = 0;
			knownRegions = (
				en,
				Base,
			);
			mainGroup = 1D1D80241E4617D800D718E2;
			productRefGroup = 1D1D802E1E4617D800D718E2 /* Products */;
			projectDirPath = "";
			projectRoot = "";
			targets = (
				1D1D802C1E4617D800D718E2 /* Get FontFamilyName */,
			);
		};
/* End PBXProject section */

/* Begin PBXResourcesBuildPhase section */
		1D1D802B1E4617D800D718E2 /* Resources */ = {
			isa = PBXResourcesBuildPhase;
			buildActionMask = 2147483647;
			files = (
				1D1D80631E46185100D718E2 /* SF-UI-Display-Black.ttf in Resources */,
				1D1D80671E46185100D718E2 /* SF-UI-Display-Medium.ttf in Resources */,
				1D1D806A1E46185100D718E2 /* SF-UI-Display-Thin.ttf in Resources */,
				1D1D80641E46185100D718E2 /* SF-UI-Display-Bold.ttf in Resources */,
				1D1D80431E4617D800D718E2 /* LaunchScreen.storyboard in Resources */,
				1D1D806D1E46185100D718E2 /* SF-UI-Text-BoldItalic.ttf in Resources */,
				1D1D80401E4617D800D718E2 /* Assets.xcassets in Resources */,
				1D1D80661E46185100D718E2 /* SF-UI-Display-Light.ttf in Resources */,
				1D1D80651E46185100D718E2 /* SF-UI-Display-Heavy.ttf in Resources */,
				1D1D80771E46185100D718E2 /* SF-UI-Text-SemiboldItalic.ttf in Resources */,
				1D1D80741E46185100D718E2 /* SF-UI-Text-Regular.ttf in Resources */,
				1D1D80721E46185100D718E2 /* SF-UI-Text-Medium.ttf in Resources */,
				1D1D806B1E46185100D718E2 /* SF-UI-Display-Ultralight.ttf in Resources */,
				1D1D80691E46185100D718E2 /* SF-UI-Display-Semibold.ttf in Resources */,
				1D1D80711E46185100D718E2 /* SF-UI-Text-LightItalic.ttf in Resources */,
				1D1D80761E46185100D718E2 /* SF-UI-Text-Semibold.otf in Resources */,
				1D1D80731E46185100D718E2 /* SF-UI-Text-MediumItalic.ttf in Resources */,
				1D1D80781E46185100D718E2 /* star_blank.png in Resources */,
				1D1D80791E46185100D718E2 /* star_fill.png in Resources */,
				1D1D803B1E4617D800D718E2 /* Main.storyboard in Resources */,
				1D1D806F1E46185100D718E2 /* SF-UI-Text-HeavyItalic.ttf in Resources */,
				1D1D80751E46185100D718E2 /* SF-UI-Text-RegularItalic.ttf in Resources */,
				1D1D80701E46185100D718E2 /* SF-UI-Text-Light.ttf in Resources */,
				1D1D806C1E46185100D718E2 /* SF-UI-Text-Bold.ttf in Resources */,
				1D1D806E1E46185100D718E2 /* SF-UI-Text-Heavy.ttf in Resources */,
				1D1D80681E46185100D718E2 /* SF-UI-Display-Regular.ttf in Resources */,
			);
			runOnlyForDeploymentPostprocessing = 0;
		};
/* End PBXResourcesBuildPhase section */

/* Begin PBXSourcesBuildPhase section */
		1D1D80291E4617D800D718E2 /* Sources */ = {
			isa = PBXSourcesBuildPhase;
			buildActionMask = 2147483647;
			files = (
				1D1D803E1E4617D800D718E2 /* Get_FontFamilyName.xcdatamodeld in Sources */,
				1D1D80381E4617D800D718E2 /* ViewController.m in Sources */,
				1D1D80351E4617D800D718E2 /* AppDelegate.m in Sources */,
				1D1D80321E4617D800D718E2 /* main.m in Sources */,
			);
			runOnlyForDeploymentPostprocessing = 0;
		};
/* End PBXSourcesBuildPhase section */

/* Begin PBXVariantGroup section */
		1D1D80391E4617D800D718E2 /* Main.storyboard */ = {
			isa = PBXVariantGroup;
			children = (
				1D1D803A1E4617D800D718E2 /* Base */,
			);
			name = Main.storyboard;
			sourceTree = "<group>";
		};
		1D1D80411E4617D800D718E2 /* LaunchScreen.storyboard */ = {
			isa = PBXVariantGroup;
			children = (
				1D1D80421E4617D800D718E2 /* Base */,
			);
			name = LaunchScreen.storyboard;
			sourceTree = "<group>";
		};
/* End PBXVariantGroup section */

/* Begin XCBuildConfiguration section */
		1D1D80451E4617D800D718E2 /* Debug */ = {
			isa = XCBuildConfiguration;
			buildSettings = {
				ALWAYS_SEARCH_USER_PATHS = NO;
				CLANG_ANALYZER_NONNULL = YES;
				CLANG_CXX_LANGUAGE_STANDARD = "gnu++0x";
				CLANG_CXX_LIBRARY = "libc++";
				CLANG_ENABLE_MODULES = YES;
				CLANG_ENABLE_OBJC_ARC = YES;
				CLANG_WARN_BOOL_CONVERSION = YES;
				CLANG_WARN_CONSTANT_CONVERSION = YES;
				CLANG_WARN_DIRECT_OBJC_ISA_USAGE = YES_ERROR;
				CLANG_WARN_DOCUMENTATION_COMMENTS = YES;
				CLANG_WARN_EMPTY_BODY = YES;
				CLANG_WARN_ENUM_CONVERSION = YES;
				CLANG_WARN_INFINITE_RECURSION = YES;
				CLANG_WARN_INT_CONVERSION = YES;
				CLANG_WARN_OBJC_ROOT_CLASS = YES_ERROR;
				CLANG_WARN_SUSPICIOUS_MOVES = YES;
				CLANG_WARN_UNREACHABLE_CODE = YES;
				CLANG_WARN__DUPLICATE_METHOD_MATCH = YES;
				"CODE_SIGN_IDENTITY[sdk=iphoneos*]" = "iPhone Developer";
				COPY_PHASE_STRIP = NO;
				DEBUG_INFORMATION_FORMAT = dwarf;
				ENABLE_STRICT_OBJC_MSGSEND = YES;
				ENABLE_TESTABILITY = YES;
				GCC_C_LANGUAGE_STANDARD = gnu99;
				GCC_DYNAMIC_NO_PIC = NO;
				GCC_NO_COMMON_BLOCKS = YES;
				GCC_OPTIMIZATION_LEVEL = 0;
				GCC_PREPROCESSOR_DEFINITIONS = (
					"DEBUG=1",
					"$(inherited)",
				);
				GCC_WARN_64_TO_32_BIT_CONVERSION = YES;
				GCC_WARN_ABOUT_RETURN_TYPE = YES_ERROR;
				GCC_WARN_UNDECLARED_SELECTOR = YES;
				GCC_WARN_UNINITIALIZED_AUTOS = YES_AGGRESSIVE;
				GCC_WARN_UNUSED_FUNCTION = YES;
				GCC_WARN_UNUSED_VARIABLE = YES;
				IPHONEOS_DEPLOYMENT_TARGET = 10.1;
				MTL_ENABLE_DEBUG_INFO = YES;
				ONLY_ACTIVE_ARCH = YES;
				SDKROOT = iphoneos;
			};
			name = Debug;
		};
		1D1D80461E4617D800D718E2 /* Release */ = {
			isa = XCBuildConfiguration;
			buildSettings = {
				ALWAYS_SEARCH_USER_PATHS = NO;
				CLANG_ANALYZER_NONNULL = YES;
				CLANG_CXX_LANGUAGE_STANDARD = "gnu++0x";
				CLANG_CXX_LIBRARY = "libc++";
				CLANG_ENABLE_MODULES = YES;
				CLANG_ENABLE_OBJC_ARC = YES;
				CLANG_WARN_BOOL_CONVERSION = YES;
				CLANG_WARN_CONSTANT_CONVERSION = YES;
				CLANG_WARN_DIRECT_OBJC_ISA_USAGE = YES_ERROR;
				CLANG_WARN_DOCUMENTATION_COMMENTS = YES;
				CLANG_WARN_EMPTY_BODY = YES;
				CLANG_WARN_ENUM_CONVERSION = YES;
				CLANG_WARN_INFINITE_RECURSION = YES;
				CLANG_WARN_INT_CONVERSION = YES;
				CLANG_WARN_OBJC_ROOT_CLASS = YES_ERROR;
				CLANG_WARN_SUSPICIOUS_MOVES = YES;
				CLANG_WARN_UNREACHABLE_CODE = YES;
				CLANG_WARN__DUPLICATE_METHOD_MATCH = YES;
				"CODE_SIGN_IDENTITY[sdk=iphoneos*]" = "iPhone Developer";
				COPY_PHASE_STRIP = NO;
				DEBUG_INFORMATION_FORMAT = "dwarf-with-dsym";
				ENABLE_NS_ASSERTIONS = NO;
				ENABLE_STRICT_OBJC_MSGSEND = YES;
				GCC_C_LANGUAGE_STANDARD = gnu99;
				GCC_NO_COMMON_BLOCKS = YES;
				GCC_WARN_64_TO_32_BIT_CONVERSION = YES;
				GCC_WARN_ABOUT_RETURN_TYPE = YES_ERROR;
				GCC_WARN_UNDECLARED_SELECTOR = YES;
				GCC_WARN_UNINITIALIZED_AUTOS = YES_AGGRESSIVE;
				GCC_WARN_UNUSED_FUNCTION = YES;
				GCC_WARN_UNUSED_VARIABLE = YES;
				IPHONEOS_DEPLOYMENT_TARGET = 10.1;
				MTL_ENABLE_DEBUG_INFO = NO;
				SDKROOT = iphoneos;
				VALIDATE_PRODUCT = YES;
			};
			name = Release;
		};
		1D1D80481E4617D800D718E2 /* Debug */ = {
			isa = XCBuildConfiguration;
			buildSettings = {
				ASSETCATALOG_COMPILER_APPICON_NAME = AppIcon;
				INFOPLIST_FILE = "Get FontFamilyName/Info.plist";
				LD_RUNPATH_SEARCH_PATHS = "$(inherited) @executable_path/Frameworks";
				PRODUCT_BUNDLE_IDENTIFIER = "Ferrakkem.Get-FontFamilyName";
				PRODUCT_NAME = "$(TARGET_NAME)";
			};
			name = Debug;
		};
		1D1D80491E4617D800D718E2 /* Release */ = {
			isa = XCBuildConfiguration;
			buildSettings = {
				ASSETCATALOG_COMPILER_APPICON_NAME = AppIcon;
				INFOPLIST_FILE = "Get FontFamilyName/Info.plist";
				LD_RUNPATH_SEARCH_PATHS = "$(inherited) @executable_path/Frameworks";
				PRODUCT_BUNDLE_IDENTIFIER = "Ferrakkem.Get-FontFamilyName";
				PRODUCT_NAME = "$(TARGET_NAME)";
			};
			name = Release;
		};
/* End XCBuildConfiguration section */

/* Begin XCConfigurationList section */
		1D1D80281E4617D800D718E2 /* Build configuration list for PBXProject "Get FontFamilyName" */ = {
			isa = XCConfigurationList;
			buildConfigurations = (
				1D1D80451E4617D800D718E2 /* Debug */,
				1D1D80461E4617D800D718E2 /* Release */,
			);
			defaultConfigurationIsVisible = 0;
			defaultConfigurationName = Release;
		};
		1D1D80471E4617D800D718E2 /* Build configuration list for PBXNativeTarget "Get FontFamilyName" */ = {
			isa = XCConfigurationList;
			buildConfigurations = (
				1D1D80481E4617D800D718E2 /* Debug */,
				1D1D80491E4617D800D718E2 /* Release */,
			);
			defaultConfigurationIsVisible = 0;
		};
/* End XCConfigurationList section */

/* Begin XCVersionGroup section */
		1D1D803C1E4617D800D718E2 /* Get_FontFamilyName.xcdatamodeld */ = {
			isa = XCVersionGroup;
			children = (
				1D1D803D1E4617D800D718E2 /* Get_FontFamilyName.xcdatamodel */,
			);
			currentVersion = 1D1D803D1E4617D800D718E2 /* Get_FontFamilyName.xcdatamodel */;
			path = Get_FontFamilyName.xcdatamodeld;
			sourceTree = "<group>";
			versionGroupType = wrapper.xcdatamodel;
		};
/* End XCVersionGroup section */
	};
	rootObject = 1D1D80251E4617D800D718E2 /* Project object */;
}
